
Microsoft Visual Studio Solution File, Format Version 12.00
# Visual Studio Version 17
VisualStudioVersion = 17.11.35219.272
MinimumVisualStudioVersion = 10.0.40219.1
Project("{FAE04EC0-301F-11D3-BF4B-00C04F79EFBC}") = "BaiTap02", "BaiTap02.csproj", "{FF3E0EEB-4ED3-4818-BFA1-D27ABF89221A}"
EndProject
Global
	GlobalSection(SolutionConfigurationPlatforms) = preSolution
		Debug|Any CPU = Debug|Any CPU
		Release|Any CPU = Release|Any CPU
	EndGlobalSection
	GlobalSection(ProjectConfigurationPlatforms) = postSolution
		{FF3E0EEB-4ED3-4818-BFA1-D27ABF89221A}.Debug|Any CPU.ActiveCfg = Debug|Any CPU
		{FF3E0EEB-4ED3-4818-BFA1-D27ABF89221A}.Debug|Any CPU.Build.0 = Debug|Any CPU
		{FF3E0EEB-4ED3-4818-BFA1-D27ABF89221A}.Release|Any CPU.ActiveCfg = Release|Any CPU
		{FF3E0EEB-4ED3-4818-BFA1-D27ABF89221A}.Release|Any CPU.Build.0 = Release|Any CPU
	EndGlobalSection
	GlobalSection(SolutionProperties) = preSolution
		HideSolutionNode = FALSE
	EndGlobalSection
	GlobalSection(ExtensibilityGlobals) = postSolution
		SolutionGuid = {7F8C61EF-5DC9-400F-94E7-E27A3688A05E}
	EndGlobalSection
EndGlobal
